// !$*UTF8*$!
{
	archiveVersion = 1;
	classes = {
	};
	objectVersion = 56;
	objects = {

/* Begin PBXBuildFile section */
		A10000000000000000000001 /* LayaANEApp.swift in Sources */ = {isa = PBXBuildFile; fileRef = A20000000000000000000001; };
		A10000000000000000000002 /* RootView.swift in Sources */ = {isa = PBXBuildFile; fileRef = A20000000000000000000002; };
		A10000000000000000000003 /* Types.swift in Sources */ = {isa = PBXBuildFile; fileRef = A20000000000000000000003; };
		A10000000000000000000004 /* Tokenizer.swift in Sources */ = {isa = PBXBuildFile; fileRef = A20000000000000000000004; };
		A10000000000000000000005 /* PromptBuilder.swift in Sources */ = {isa = PBXBuildFile; fileRef = A20000000000000000000005; };
		A10000000000000000000006 /* CoreMLRunner.swift in Sources */ = {isa = PBXBuildFile; fileRef = A20000000000000000000006; };
		A10000000000000000000007 /* LayaEngine.swift in Sources */ = {isa = PBXBuildFile; fileRef = A20000000000000000000007; };
		A10000000000000000000008 /* TriageView.swift in Sources */ = {isa = PBXBuildFile; fileRef = A20000000000000000000008; };
		A10000000000000000000009 /* GuardView.swift in Sources */ = {isa = PBXBuildFile; fileRef = A20000000000000000000009; };
		A1000000000000000000000A /* SnakeView.swift in Sources */ = {isa = PBXBuildFile; fileRef = A2000000000000000000000A; };
		A1000000000000000000000B /* AboutView.swift in Sources */ = {isa = PBXBuildFile; fileRef = A2000000000000000000000B; };
		A1000000000000000000000C /* Assets.xcassets in Resources */ = {isa = PBXBuildFile; fileRef = A2000000000000000000000C; };
		A1000000000000000000000D /* Model in Resources */ = {isa = PBXBuildFile; fileRef = A2000000000000000000000D; };
/* End PBXBuildFile section */

/* Begin PBXFileReference section */
		A20000000000000000000001 /* LayaANEApp.swift */ = {isa = PBXFileReference; lastKnownFileType = sourcecode.swift; path = LayaANEApp.swift; sourceTree = "<group>"; };
		A20000000000000000000002 /* RootView.swift */ = {isa = PBXFileReference; lastKnownFileType = sourcecode.swift; path = RootView.swift; sourceTree = "<group>"; };
		A20000000000000000000003 /* Types.swift */ = {isa = PBXFileReference; lastKnownFileType = sourcecode.swift; path = Types.swift; sourceTree = "<group>"; };
		A20000000000000000000004 /* Tokenizer.swift */ = {isa = PBXFileReference; lastKnownFileType = sourcecode.swift; path = Tokenizer.swift; sourceTree = "<group>"; };
		A20000000000000000000005 /* PromptBuilder.swift */ = {isa = PBXFileReference; lastKnownFileType = sourcecode.swift; path = PromptBuilder.swift; sourceTree = "<group>"; };
		A20000000000000000000006 /* CoreMLRunner.swift */ = {isa = PBXFileReference; lastKnownFileType = sourcecode.swift; path = CoreMLRunner.swift; sourceTree = "<group>"; };
		A20000000000000000000007 /* LayaEngine.swift */ = {isa = PBXFileReference; lastKnownFileType = sourcecode.swift; path = LayaEngine.swift; sourceTree = "<group>"; };
		A20000000000000000000008 /* TriageView.swift */ = {isa = PBXFileReference; lastKnownFileType = sourcecode.swift; path = TriageView.swift; sourceTree = "<group>"; };
		A20000000000000000000009 /* GuardView.swift */ = {isa = PBXFileReference; lastKnownFileType = sourcecode.swift; path = GuardView.swift; sourceTree = "<group>"; };
		A2000000000000000000000A /* SnakeView.swift */ = {isa = PBXFileReference; lastKnownFileType = sourcecode.swift; path = SnakeView.swift; sourceTree = "<group>"; };
		A2000000000000000000000B /* AboutView.swift */ = {isa = PBXFileReference; lastKnownFileType = sourcecode.swift; path = AboutView.swift; sourceTree = "<group>"; };
		A2000000000000000000000C /* Assets.xcassets */ = {isa = PBXFileReference; lastKnownFileType = folder.assetcatalog; path = Assets.xcassets; sourceTree = "<group>"; };
		A2000000000000000000000D /* Model */ = {isa = PBXFileReference; lastKnownFileType = folder; name = Model; path = Model; sourceTree = "<group>"; };
		A2000000000000000000000E /* LayaANE.app */ = {isa = PBXFileReference; explicitFileType = wrapper.application; includeInIndex = 0; path = LayaANE.app; sourceTree = BUILT_PRODUCTS_DIR; };
/* End PBXFileReference section */

/* Begin PBXFrameworksBuildPhase section */
		A30000000000000000000001 /* Frameworks */ = {
			isa = PBXFrameworksBuildPhase;
			buildActionMask = 2147483647;
			files = (
			);
			runOnlyForDeploymentPostprocessing = 0;
		};
/* End PBXFrameworksBuildPhase section */

/* Begin PBXGroup section */
		A40000000000000000000001 = {
			isa = PBXGroup;
			children = (
				A40000000000000000000002 /* LayaANE */,
				A40000000000000000000005 /* Products */,
			);
			sourceTree = "<group>";
		};
		A40000000000000000000002 /* LayaANE */ = {
			isa = PBXGroup;
			children = (
				A20000000000000000000001 /* LayaANEApp.swift */,
				A20000000000000000000002 /* RootView.swift */,
				A40000000000000000000003 /* Engine */,
				A40000000000000000000004 /* Views */,
				A40000000000000000000006 /* Resources */,
				A2000000000000000000000C /* Assets.xcassets */,
			);
			path = LayaANE;
			sourceTree = "<group>";
		};
		A40000000000000000000003 /* Engine */ = {
			isa = PBXGroup;
			children = (
				A20000000000000000000003 /* Types.swift */,
				A20000000000000000000004 /* Tokenizer.swift */,
				A20000000000000000000005 /* PromptBuilder.swift */,
				A20000000000000000000006 /* CoreMLRunner.swift */,
				A20000000000000000000007 /* LayaEngine.swift */,
			);
			path = Engine;
			sourceTree = "<group>";
		};
		A40000000000000000000004 /* Views */ = {
			isa = PBXGroup;
			children = (
				A20000000000000000000008 /* TriageView.swift */,
				A20000000000000000000009 /* GuardView.swift */,
				A2000000000000000000000A /* SnakeView.swift */,
				A2000000000000000000000B /* AboutView.swift */,
			);
			path = Views;
			sourceTree = "<group>";
		};
		A40000000000000000000005 /* Products */ = {
			isa = PBXGroup;
			children = (
				A2000000000000000000000E /* LayaANE.app */,
			);
			name = Products;
			sourceTree = "<group>";
		};
		A40000000000000000000006 /* Resources */ = {
			isa = PBXGroup;
			children = (
				A2000000000000000000000D /* Model */,
			);
			path = Resources;
			sourceTree = "<group>";
		};
/* End PBXGroup section */

/* Begin PBXNativeTarget section */
		A50000000000000000000001 /* LayaANE */ = {
			isa = PBXNativeTarget;
			buildConfigurationList = A70000000000000000000003 /* Build configuration list for PBXNativeTarget "LayaANE" */;
			buildPhases = (
				A60000000000000000000001 /* Sources */,
				A30000000000000000000001 /* Frameworks */,
				A60000000000000000000002 /* Resources */,
				A60000000000000000000003 /* Copy Model Bundle */,
			);
			buildRules = (
			);
			dependencies = (
			);
			name = LayaANE;
			productName = LayaANE;
			productReference = A2000000000000000000000E /* LayaANE.app */;
			productType = "com.apple.product-type.application";
		};
/* End PBXNativeTarget section */

/* Begin PBXProject section */
		A80000000000000000000001 /* Project object */ = {
			isa = PBXProject;
			attributes = {
				BuildIndependentTargetsInParallel = 1;
				LastSwiftUpdateCheck = 1500;
				LastUpgradeCheck = 1500;
			};
			buildConfigurationList = A70000000000000000000001 /* Build configuration list for PBXProject "LayaANE" */;
			compatibilityVersion = "Xcode 14.0";
			developmentRegion = en;
			hasScannedForEncodings = 0;
			knownRegions = (
				en,
				Base,
			);
			mainGroup = A40000000000000000000001;
			productRefGroup = A40000000000000000000005 /* Products */;
			projectDirPath = "";
			projectRoot = "";
			targets = (
				A50000000000000000000001 /* LayaANE */,
			);
		};
/* End PBXProject section */

/* Begin PBXResourcesBuildPhase section */
		A60000000000000000000002 /* Resources */ = {
			isa = PBXResourcesBuildPhase;
			buildActionMask = 2147483647;
			files = (
				A1000000000000000000000C /* Assets.xcassets in Resources */,
				A1000000000000000000000D /* Model in Resources */,
			);
			runOnlyForDeploymentPostprocessing = 0;
		};
/* End PBXResourcesBuildPhase section */

/* Begin PBXShellScriptBuildPhase section */
		A60000000000000000000003 /* Copy Model Bundle */ = {
			isa = PBXShellScriptBuildPhase;
			alwaysOutOfDate = 1;
			buildActionMask = 2147483647;
			files = (
			);
			inputFileListPaths = (
			);
			inputPaths = (
			);
			name = "Copy Model Bundle";
			outputFileListPaths = (
			);
			outputPaths = (
			);
			runOnlyForDeploymentPostprocessing = 0;
			shellPath = /bin/sh;
			shellScript = "set -e\nSRC=\"${SRCROOT}/LayaANE/Resources/Model\"\nDEST=\"${TARGET_BUILD_DIR}/${UNLOCALIZED_RESOURCES_FOLDER_PATH}/Model\"\nif [ ! -f \"${SRC}/ane_config.json\" ]; then\n  echo \"error: Missing ${SRC}. Run: python scripts/prepare_ios_bundle.py\"\n  exit 1\nfi\nif [ ! -d \"${SRC}/DecisionModel.mlpackage\" ]; then\n  echo \"error: Missing DecisionModel.mlpackage in ${SRC}\"\n  exit 1\nfi\nrm -rf \"${DEST}\"\nmkdir -p \"${TARGET_BUILD_DIR}/${UNLOCALIZED_RESOURCES_FOLDER_PATH}\"\ncp -R \"${SRC}\" \"${DEST}\"\necho \"Copied Model bundle ($(du -sh \"${DEST}\" | awk '{print $1}')) into app resources.\"\n";
		};
/* End PBXShellScriptBuildPhase section */

/* Begin PBXSourcesBuildPhase section */
		A60000000000000000000001 /* Sources */ = {
			isa = PBXSourcesBuildPhase;
			buildActionMask = 2147483647;
			files = (
				A10000000000000000000001 /* LayaANEApp.swift in Sources */,
				A10000000000000000000002 /* RootView.swift in Sources */,
				A10000000000000000000003 /* Types.swift in Sources */,
				A10000000000000000000004 /* Tokenizer.swift in Sources */,
				A10000000000000000000005 /* PromptBuilder.swift in Sources */,
				A10000000000000000000006 /* CoreMLRunner.swift in Sources */,
				A10000000000000000000007 /* LayaEngine.swift in Sources */,
				A10000000000000000000008 /* TriageView.swift in Sources */,
				A10000000000000000000009 /* GuardView.swift in Sources */,
				A1000000000000000000000A /* SnakeView.swift in Sources */,
				A1000000000000000000000B /* AboutView.swift in Sources */,
			);
			runOnlyForDeploymentPostprocessing = 0;
		};
/* End PBXSourcesBuildPhase section */

/* Begin XCBuildConfiguration section */
		A90000000000000000000001 /* Debug */ = {
			isa = XCBuildConfiguration;
			buildSettings = {
				ALWAYS_SEARCH_USER_PATHS = NO;
				CLANG_ENABLE_MODULES = YES;
				COPY_PHASE_STRIP = NO;
				DEBUG_INFORMATION_FORMAT = dwarf;
				GCC_DYNAMIC_NO_PIC = NO;
				IPHONEOS_DEPLOYMENT_TARGET = 17.0;
				ONLY_ACTIVE_ARCH = YES;
				SDKROOT = iphoneos;
				SWIFT_ACTIVE_COMPILATION_CONDITIONS = DEBUG;
				SWIFT_OPTIMIZATION_LEVEL = "-Onone";
			};
			name = Debug;
		};
		A90000000000000000000002 /* Release */ = {
			isa = XCBuildConfiguration;
			buildSettings = {
				ALWAYS_SEARCH_USER_PATHS = NO;
				CLANG_ENABLE_MODULES = YES;
				COPY_PHASE_STRIP = NO;
				DEBUG_INFORMATION_FORMAT = "dwarf-with-dsym";
				IPHONEOS_DEPLOYMENT_TARGET = 17.0;
				SDKROOT = iphoneos;
				SWIFT_COMPILATION_MODE = wholemodule;
			};
			name = Release;
		};
		A90000000000000000000003 /* Debug */ = {
			isa = XCBuildConfiguration;
			buildSettings = {
				ASSETCATALOG_COMPILER_APPICON_NAME = AppIcon;
				CODE_SIGN_STYLE = Automatic;
				CURRENT_PROJECT_VERSION = 1;
				DEVELOPMENT_TEAM = "";
				ENABLE_PREVIEWS = YES;
				GENERATE_INFOPLIST_FILE = YES;
				INFOPLIST_KEY_CFBundleDisplayName = "Laya ANE";
				INFOPLIST_KEY_UIApplicationSceneManifest_Generation = YES;
				INFOPLIST_KEY_UILaunchScreen_Generation = YES;
				INFOPLIST_KEY_UISupportedInterfaceOrientations = UIInterfaceOrientationPortrait;
				LD_RUNPATH_SEARCH_PATHS = (
					"$(inherited)",
					"@executable_path/Frameworks",
				);
				MARKETING_VERSION = 0.1.0;
				PRODUCT_BUNDLE_IDENTIFIER = com.laya.ane.demo;
				PRODUCT_NAME = "$(TARGET_NAME)";
				SUPPORTED_PLATFORMS = "iphoneos iphonesimulator";
				SUPPORTS_MACCATALYST = NO;
				SWIFT_EMIT_LOC_STRINGS = YES;
				SWIFT_VERSION = 5.0;
				TARGETED_DEVICE_FAMILY = "1,2";
			};
			name = Debug;
		};
		A90000000000000000000004 /* Release */ = {
			isa = XCBuildConfiguration;
			buildSettings = {
				ASSETCATALOG_COMPILER_APPICON_NAME = AppIcon;
				CODE_SIGN_STYLE = Automatic;
				CURRENT_PROJECT_VERSION = 1;
				DEVELOPMENT_TEAM = "";
				ENABLE_PREVIEWS = YES;
				GENERATE_INFOPLIST_FILE = YES;
				INFOPLIST_KEY_CFBundleDisplayName = "Laya ANE";
				INFOPLIST_KEY_UIApplicationSceneManifest_Generation = YES;
				INFOPLIST_KEY_UILaunchScreen_Generation = YES;
				INFOPLIST_KEY_UISupportedInterfaceOrientations = UIInterfaceOrientationPortrait;
				LD_RUNPATH_SEARCH_PATHS = (
					"$(inherited)",
					"@executable_path/Frameworks",
				);
				MARKETING_VERSION = 0.1.0;
				PRODUCT_BUNDLE_IDENTIFIER = com.laya.ane.demo;
				PRODUCT_NAME = "$(TARGET_NAME)";
				SUPPORTED_PLATFORMS = "iphoneos iphonesimulator";
				SUPPORTS_MACCATALYST = NO;
				SWIFT_EMIT_LOC_STRINGS = YES;
				SWIFT_VERSION = 5.0;
				TARGETED_DEVICE_FAMILY = "1,2";
			};
			name = Release;
		};
/* End XCBuildConfiguration section */

/* Begin XCConfigurationList section */
		A70000000000000000000001 /* Build configuration list for PBXProject "LayaANE" */ = {
			isa = XCConfigurationList;
			buildConfigurations = (
				A90000000000000000000001 /* Debug */,
				A90000000000000000000002 /* Release */,
			);
			defaultConfigurationIsVisible = 0;
			defaultConfigurationName = Release;
		};
		A70000000000000000000003 /* Build configuration list for PBXNativeTarget "LayaANE" */ = {
			isa = XCConfigurationList;
			buildConfigurations = (
				A90000000000000000000003 /* Debug */,
				A90000000000000000000004 /* Release */,
			);
			defaultConfigurationIsVisible = 0;
			defaultConfigurationName = Release;
		};
/* End XCConfigurationList section */
	};
	rootObject = A80000000000000000000001 /* Project object */;
}
